
Microsoft Visual Studio Solution File, Format Version 12.00
# Visual Studio Version 17
VisualStudioVersion = 17.2.32630.192
MinimumVisualStudioVersion = 10.0.40219.1
Project("{FAE04EC0-301F-11D3-BF4B-00C04F79EFBC}") = "GRPCClient", "GRPCClient\GRPCClient.csproj", "{9A280D32-907A-46CF-8F9C-D603974350FB}"
EndProject
Project("{9A19103F-16F7-4668-BE54-9A1E7A4F7556}") = "GRPCServer", "GRPCServer\GRPCServer.csproj", "{B6DB0737-5C67-470B-9C00-C8244BE7B1FC}"
EndProject
Project("{FAE04EC0-301F-11D3-BF4B-00C04F79EFBC}") = "GRPCContracts", "GRPCContracts\GRPCContracts.csproj", "{6F9299A7-E083-425D-BB7D-74709CC3CF64}"
EndProject
Project("{FAE04EC0-301F-11D3-BF4B-00C04F79EFBC}") = "GRPCCore", "GRPCCore\GRPCCore.csproj", "{D3D59C9C-E678-4296-881D-9E8218A48412}"
EndProject
Project("{FAE04EC0-301F-11D3-BF4B-00C04F79EFBC}") = "GRPCCore.App", "GRPCCore.App\GRPCCore.App.csproj", "{7E3753A0-3BF3-4EDE-BA6A-E2EC0E75330A}"
EndProject
Global
	GlobalSection(SolutionConfigurationPlatforms) = preSolution
		Debug|Any CPU = Debug|Any CPU
		Release|Any CPU = Release|Any CPU
	EndGlobalSection
	GlobalSection(ProjectConfigurationPlatforms) = postSolution
		{9A280D32-907A-46CF-8F9C-D603974350FB}.Debug|Any CPU.ActiveCfg = Debug|Any CPU
		{9A280D32-907A-46CF-8F9C-D603974350FB}.Debug|Any CPU.Build.0 = Debug|Any CPU
		{9A280D32-907A-46CF-8F9C-D603974350FB}.Release|Any CPU.ActiveCfg = Release|Any CPU
		{9A280D32-907A-46CF-8F9C-D603974350FB}.Release|Any CPU.Build.0 = Release|Any CPU
		{B6DB0737-5C67-470B-9C00-C8244BE7B1FC}.Debug|Any CPU.ActiveCfg = Debug|Any CPU
		{B6DB0737-5C67-470B-9C00-C8244BE7B1FC}.Debug|Any CPU.Build.0 = Debug|Any CPU
		{B6DB0737-5C67-470B-9C00-C8244BE7B1FC}.Release|Any CPU.ActiveCfg = Release|Any CPU
		{B6DB0737-5C67-470B-9C00-C8244BE7B1FC}.Release|Any CPU.Build.0 = Release|Any CPU
		{6F9299A7-E083-425D-BB7D-74709CC3CF64}.Debug|Any CPU.ActiveCfg = Debug|Any CPU
		{6F9299A7-E083-425D-BB7D-74709CC3CF64}.Debug|Any CPU.Build.0 = Debug|Any CPU
		{6F9299A7-E083-425D-BB7D-74709CC3CF64}.Release|Any CPU.ActiveCfg = Release|Any CPU
		{6F9299A7-E083-425D-BB7D-74709CC3CF64}.Release|Any CPU.Build.0 = Release|Any CPU
		{D3D59C9C-E678-4296-881D-9E8218A48412}.Debug|Any CPU.ActiveCfg = Debug|Any CPU
		{D3D59C9C-E678-4296-881D-9E8218A48412}.Debug|Any CPU.Build.0 = Debug|Any CPU
		{D3D59C9C-E678-4296-881D-9E8218A48412}.Release|Any CPU.ActiveCfg = Release|Any CPU
		{D3D59C9C-E678-4296-881D-9E8218A48412}.Release|Any CPU.Build.0 = Release|Any CPU
		{7E3753A0-3BF3-4EDE-BA6A-E2EC0E75330A}.Debug|Any CPU.ActiveCfg = Debug|Any CPU
		{7E3753A0-3BF3-4EDE-BA6A-E2EC0E75330A}.Debug|Any CPU.Build.0 = Debug|Any CPU
		{7E3753A0-3BF3-4EDE-BA6A-E2EC0E75330A}.Release|Any CPU.ActiveCfg = Release|Any CPU
		{7E3753A0-3BF3-4EDE-BA6A-E2EC0E75330A}.Release|Any CPU.Build.0 = Release|Any CPU
	EndGlobalSection
	GlobalSection(SolutionProperties) = preSolution
		HideSolutionNode = FALSE
	EndGlobalSection
	GlobalSection(ExtensibilityGlobals) = postSolution
		SolutionGuid = {64BB03B6-D7A3-4FE3-BD7F-4F643276A2F3}
	EndGlobalSection
EndGlobal
